
Microsoft Visual Studio Solution File, Format Version 12.00
# Visual Studio Version 17
VisualStudioVersion = 17.4.33213.308
MinimumVisualStudioVersion = 10.0.40219.1
Project("{9A19103F-16F7-4668-BE54-9A1E7A4F7556}") = "homework1", "homework1\homework1.csproj", "{4371B6BB-F304-496F-B749-0794B9D7538D}"
EndProject
Project("{FAE04EC0-301F-11D3-BF4B-00C04F79EFBC}") = "homework2 if else while etc", "homework2 if else while etc\homework2 if else while etc.csproj", "{2C9D79C8-8061-4B68-BF0C-276E85967BF4}"
EndProject
Global
	GlobalSection(SolutionConfigurationPlatforms) = preSolution
		Debug|Any CPU = Debug|Any CPU
		Release|Any CPU = Release|Any CPU
	EndGlobalSection
	GlobalSection(ProjectConfigurationPlatforms) = postSolution
		{4371B6BB-F304-496F-B749-0794B9D7538D}.Debug|Any CPU.ActiveCfg = Debug|Any CPU
		{4371B6BB-F304-496F-B749-0794B9D7538D}.Debug|Any CPU.Build.0 = Debug|Any CPU
		{4371B6BB-F304-496F-B749-0794B9D7538D}.Release|Any CPU.ActiveCfg = Release|Any CPU
		{4371B6BB-F304-496F-B749-0794B9D7538D}.Release|Any CPU.Build.0 = Release|Any CPU
		{2C9D79C8-8061-4B68-BF0C-276E85967BF4}.Debug|Any CPU.ActiveCfg = Debug|Any CPU
		{2C9D79C8-8061-4B68-BF0C-276E85967BF4}.Debug|Any CPU.Build.0 = Debug|Any CPU
		{2C9D79C8-8061-4B68-BF0C-276E85967BF4}.Release|Any CPU.ActiveCfg = Release|Any CPU
		{2C9D79C8-8061-4B68-BF0C-276E85967BF4}.Release|Any CPU.Build.0 = Release|Any CPU
	EndGlobalSection
	GlobalSection(SolutionProperties) = preSolution
		HideSolutionNode = FALSE
	EndGlobalSection
	GlobalSection(ExtensibilityGlobals) = postSolution
		SolutionGuid = {8A5020C1-08F9-4AFF-81B9-BEF2C97BE738}
	EndGlobalSection
EndGlobal
