
Microsoft Visual Studio Solution File, Format Version 12.00
# Visual Studio Version 17
VisualStudioVersion = 17.4.33213.308
MinimumVisualStudioVersion = 10.0.40219.1
Project("{9A19103F-16F7-4668-BE54-9A1E7A4F7556}") = "homework1", "homework1\homework1.csproj", "{4371B6BB-F304-496F-B749-0794B9D7538D}"
EndProject
Project("{9A19103F-16F7-4668-BE54-9A1E7A4F7556}") = "homework2 if else while etc", "homework2 if else while etc\homework2 if else while etc.csproj", "{2C9D79C8-8061-4B68-BF0C-276E85967BF4}"
EndProject
Project("{9A19103F-16F7-4668-BE54-9A1E7A4F7556}") = "homework6 inheritance polymorphism", "homework 6 inheritance polymorphism\homework6 inheritance polymorphism.csproj", "{DCB85D77-9CD1-40DD-B7EF-090D3A50E43F}"
EndProject
Project("{9A19103F-16F7-4668-BE54-9A1E7A4F7556}") = "homework3 arrays string", "homework3 arrays string\homework3 arrays string.csproj", "{FC4D7873-314A-4527-BAD4-A02128EC0F4F}"
EndProject
Project("{9A19103F-16F7-4668-BE54-9A1E7A4F7556}") = "homework7  inerfaces", "homework7  inerfaces\homework7  inerfaces.csproj", "{0D23FCCE-1D17-40DB-BE2B-A9C99BA5F6C1}"
EndProject
Project("{9A19103F-16F7-4668-BE54-9A1E7A4F7556}") = "homework4 struct class", "homework4 struct class\homework4 struct class.csproj", "{19502DAD-37DD-4CBA-A943-87231EB9116A}"
EndProject
Project("{9A19103F-16F7-4668-BE54-9A1E7A4F7556}") = "homework8 linq", "homework8 linq\homework8 linq.csproj", "{9C225566-0615-46B0-88BA-85F483360A51}"
EndProject
Project("{9A19103F-16F7-4668-BE54-9A1E7A4F7556}") = "homework5 part1 properties", "homework5 part1 properties\homework5 part1 properties.csproj", "{7422035B-DAE9-4305-A75C-1E8F049009CA}"
EndProject
Project("{FAE04EC0-301F-11D3-BF4B-00C04F79EFBC}") = "homework5 part2 namespace", "homework5 part2 namespace\homework5 part2 namespace.csproj", "{E743E96E-2991-40E5-B0A4-9AC5B0C27998}"
EndProject
Global
	GlobalSection(SolutionConfigurationPlatforms) = preSolution
		Debug|Any CPU = Debug|Any CPU
		Release|Any CPU = Release|Any CPU
	EndGlobalSection
	GlobalSection(ProjectConfigurationPlatforms) = postSolution
		{4371B6BB-F304-496F-B749-0794B9D7538D}.Debug|Any CPU.ActiveCfg = Debug|Any CPU
		{4371B6BB-F304-496F-B749-0794B9D7538D}.Debug|Any CPU.Build.0 = Debug|Any CPU
		{4371B6BB-F304-496F-B749-0794B9D7538D}.Release|Any CPU.ActiveCfg = Release|Any CPU
		{4371B6BB-F304-496F-B749-0794B9D7538D}.Release|Any CPU.Build.0 = Release|Any CPU
		{2C9D79C8-8061-4B68-BF0C-276E85967BF4}.Debug|Any CPU.ActiveCfg = Debug|Any CPU
		{2C9D79C8-8061-4B68-BF0C-276E85967BF4}.Debug|Any CPU.Build.0 = Debug|Any CPU
		{2C9D79C8-8061-4B68-BF0C-276E85967BF4}.Release|Any CPU.ActiveCfg = Release|Any CPU
		{2C9D79C8-8061-4B68-BF0C-276E85967BF4}.Release|Any CPU.Build.0 = Release|Any CPU
		{DCB85D77-9CD1-40DD-B7EF-090D3A50E43F}.Debug|Any CPU.ActiveCfg = Debug|Any CPU
		{DCB85D77-9CD1-40DD-B7EF-090D3A50E43F}.Debug|Any CPU.Build.0 = Debug|Any CPU
		{DCB85D77-9CD1-40DD-B7EF-090D3A50E43F}.Release|Any CPU.ActiveCfg = Release|Any CPU
		{DCB85D77-9CD1-40DD-B7EF-090D3A50E43F}.Release|Any CPU.Build.0 = Release|Any CPU
		{FC4D7873-314A-4527-BAD4-A02128EC0F4F}.Debug|Any CPU.ActiveCfg = Debug|Any CPU
		{FC4D7873-314A-4527-BAD4-A02128EC0F4F}.Debug|Any CPU.Build.0 = Debug|Any CPU
		{FC4D7873-314A-4527-BAD4-A02128EC0F4F}.Release|Any CPU.ActiveCfg = Release|Any CPU
		{FC4D7873-314A-4527-BAD4-A02128EC0F4F}.Release|Any CPU.Build.0 = Release|Any CPU
		{0D23FCCE-1D17-40DB-BE2B-A9C99BA5F6C1}.Debug|Any CPU.ActiveCfg = Debug|Any CPU
		{0D23FCCE-1D17-40DB-BE2B-A9C99BA5F6C1}.Debug|Any CPU.Build.0 = Debug|Any CPU
		{0D23FCCE-1D17-40DB-BE2B-A9C99BA5F6C1}.Release|Any CPU.ActiveCfg = Release|Any CPU
		{0D23FCCE-1D17-40DB-BE2B-A9C99BA5F6C1}.Release|Any CPU.Build.0 = Release|Any CPU
		{19502DAD-37DD-4CBA-A943-87231EB9116A}.Debug|Any CPU.ActiveCfg = Debug|Any CPU
		{19502DAD-37DD-4CBA-A943-87231EB9116A}.Debug|Any CPU.Build.0 = Debug|Any CPU
		{19502DAD-37DD-4CBA-A943-87231EB9116A}.Release|Any CPU.ActiveCfg = Release|Any CPU
		{19502DAD-37DD-4CBA-A943-87231EB9116A}.Release|Any CPU.Build.0 = Release|Any CPU
		{9C225566-0615-46B0-88BA-85F483360A51}.Debug|Any CPU.ActiveCfg = Debug|Any CPU
		{9C225566-0615-46B0-88BA-85F483360A51}.Debug|Any CPU.Build.0 = Debug|Any CPU
		{9C225566-0615-46B0-88BA-85F483360A51}.Release|Any CPU.ActiveCfg = Release|Any CPU
		{9C225566-0615-46B0-88BA-85F483360A51}.Release|Any CPU.Build.0 = Release|Any CPU
		{7422035B-DAE9-4305-A75C-1E8F049009CA}.Debug|Any CPU.ActiveCfg = Debug|Any CPU
		{7422035B-DAE9-4305-A75C-1E8F049009CA}.Debug|Any CPU.Build.0 = Debug|Any CPU
		{7422035B-DAE9-4305-A75C-1E8F049009CA}.Release|Any CPU.ActiveCfg = Release|Any CPU
		{7422035B-DAE9-4305-A75C-1E8F049009CA}.Release|Any CPU.Build.0 = Release|Any CPU
		{E743E96E-2991-40E5-B0A4-9AC5B0C27998}.Debug|Any CPU.ActiveCfg = Debug|Any CPU
		{E743E96E-2991-40E5-B0A4-9AC5B0C27998}.Debug|Any CPU.Build.0 = Debug|Any CPU
		{E743E96E-2991-40E5-B0A4-9AC5B0C27998}.Release|Any CPU.ActiveCfg = Release|Any CPU
		{E743E96E-2991-40E5-B0A4-9AC5B0C27998}.Release|Any CPU.Build.0 = Release|Any CPU
	EndGlobalSection
	GlobalSection(SolutionProperties) = preSolution
		HideSolutionNode = FALSE
	EndGlobalSection
	GlobalSection(ExtensibilityGlobals) = postSolution
		SolutionGuid = {8A5020C1-08F9-4AFF-81B9-BEF2C97BE738}
	EndGlobalSection
EndGlobal
